
Microsoft Visual Studio Solution File, Format Version 11.00
# Visual Studio 2010
Project("{FAE04EC0-301F-11D3-BF4B-00C04F79EFBC}") = "SaldosIniciales", "SaldosIniciales\SaldosIniciales.csproj", "{0A3BDC22-CD87-4641-B9E2-30607F0688A8}"
EndProject
Project("{FAE04EC0-301F-11D3-BF4B-00C04F79EFBC}") = "LibreriaDoctos", "LibreriaDoctos\LibreriaDoctos.csproj", "{48E88799-92DB-4D7B-AB76-5452C4FEDD67}"
EndProject
Project("{FAE04EC0-301F-11D3-BF4B-00C04F79EFBC}") = "Interfaces", "Interfaces\Interfaces.csproj", "{704E6595-E778-4B7D-907C-E850A3C85563}"
EndProject
Project("{FAE04EC0-301F-11D3-BF4B-00C04F79EFBC}") = "controles", "controles\controles.csproj", "{1A7CB629-07D8-458C-AA29-DB213664AB8B}"
EndProject
Global
	GlobalSection(SolutionConfigurationPlatforms) = preSolution
		Debug|Any CPU = Debug|Any CPU
		Debug|Mixed Platforms = Debug|Mixed Platforms
		Debug|x64 = Debug|x64
		Debug|x86 = Debug|x86
		Release|Any CPU = Release|Any CPU
		Release|Mixed Platforms = Release|Mixed Platforms
		Release|x64 = Release|x64
		Release|x86 = Release|x86
	EndGlobalSection
	GlobalSection(ProjectConfigurationPlatforms) = postSolution
		{0A3BDC22-CD87-4641-B9E2-30607F0688A8}.Debug|Any CPU.ActiveCfg = Debug|x86
		{0A3BDC22-CD87-4641-B9E2-30607F0688A8}.Debug|Mixed Platforms.ActiveCfg = Debug|x86
		{0A3BDC22-CD87-4641-B9E2-30607F0688A8}.Debug|Mixed Platforms.Build.0 = Debug|x86
		{0A3BDC22-CD87-4641-B9E2-30607F0688A8}.Debug|x64.ActiveCfg = Debug|x86
		{0A3BDC22-CD87-4641-B9E2-30607F0688A8}.Debug|x86.ActiveCfg = Debug|x86
		{0A3BDC22-CD87-4641-B9E2-30607F0688A8}.Debug|x86.Build.0 = Debug|x86
		{0A3BDC22-CD87-4641-B9E2-30607F0688A8}.Release|Any CPU.ActiveCfg = Release|x86
		{0A3BDC22-CD87-4641-B9E2-30607F0688A8}.Release|Mixed Platforms.ActiveCfg = Release|x86
		{0A3BDC22-CD87-4641-B9E2-30607F0688A8}.Release|Mixed Platforms.Build.0 = Release|x86
		{0A3BDC22-CD87-4641-B9E2-30607F0688A8}.Release|x64.ActiveCfg = Release|x86
		{0A3BDC22-CD87-4641-B9E2-30607F0688A8}.Release|x86.ActiveCfg = Release|x86
		{0A3BDC22-CD87-4641-B9E2-30607F0688A8}.Release|x86.Build.0 = Release|x86
		{48E88799-92DB-4D7B-AB76-5452C4FEDD67}.Debug|Any CPU.ActiveCfg = Debug|Any CPU
		{48E88799-92DB-4D7B-AB76-5452C4FEDD67}.Debug|Any CPU.Build.0 = Debug|Any CPU
		{48E88799-92DB-4D7B-AB76-5452C4FEDD67}.Debug|Mixed Platforms.ActiveCfg = Debug|x86
		{48E88799-92DB-4D7B-AB76-5452C4FEDD67}.Debug|Mixed Platforms.Build.0 = Debug|x86
		{48E88799-92DB-4D7B-AB76-5452C4FEDD67}.Debug|x64.ActiveCfg = Debug|x64
		{48E88799-92DB-4D7B-AB76-5452C4FEDD67}.Debug|x64.Build.0 = Debug|x64
		{48E88799-92DB-4D7B-AB76-5452C4FEDD67}.Debug|x86.ActiveCfg = Debug|x86
		{48E88799-92DB-4D7B-AB76-5452C4FEDD67}.Debug|x86.Build.0 = Debug|x86
		{48E88799-92DB-4D7B-AB76-5452C4FEDD67}.Release|Any CPU.ActiveCfg = Release|Any CPU
		{48E88799-92DB-4D7B-AB76-5452C4FEDD67}.Release|Any CPU.Build.0 = Release|Any CPU
		{48E88799-92DB-4D7B-AB76-5452C4FEDD67}.Release|Mixed Platforms.ActiveCfg = Release|x86
		{48E88799-92DB-4D7B-AB76-5452C4FEDD67}.Release|Mixed Platforms.Build.0 = Release|x86
		{48E88799-92DB-4D7B-AB76-5452C4FEDD67}.Release|x64.ActiveCfg = Release|x64
		{48E88799-92DB-4D7B-AB76-5452C4FEDD67}.Release|x64.Build.0 = Release|x64
		{48E88799-92DB-4D7B-AB76-5452C4FEDD67}.Release|x86.ActiveCfg = Release|x86
		{48E88799-92DB-4D7B-AB76-5452C4FEDD67}.Release|x86.Build.0 = Release|x86
		{704E6595-E778-4B7D-907C-E850A3C85563}.Debug|Any CPU.ActiveCfg = Debug|Any CPU
		{704E6595-E778-4B7D-907C-E850A3C85563}.Debug|Any CPU.Build.0 = Debug|Any CPU
		{704E6595-E778-4B7D-907C-E850A3C85563}.Debug|Mixed Platforms.ActiveCfg = Debug|x86
		{704E6595-E778-4B7D-907C-E850A3C85563}.Debug|Mixed Platforms.Build.0 = Debug|x86
		{704E6595-E778-4B7D-907C-E850A3C85563}.Debug|x64.ActiveCfg = Debug|x64
		{704E6595-E778-4B7D-907C-E850A3C85563}.Debug|x64.Build.0 = Debug|x64
		{704E6595-E778-4B7D-907C-E850A3C85563}.Debug|x86.ActiveCfg = Debug|x86
		{704E6595-E778-4B7D-907C-E850A3C85563}.Debug|x86.Build.0 = Debug|x86
		{704E6595-E778-4B7D-907C-E850A3C85563}.Release|Any CPU.ActiveCfg = Release|Any CPU
		{704E6595-E778-4B7D-907C-E850A3C85563}.Release|Any CPU.Build.0 = Release|Any CPU
		{704E6595-E778-4B7D-907C-E850A3C85563}.Release|Mixed Platforms.ActiveCfg = Release|x86
		{704E6595-E778-4B7D-907C-E850A3C85563}.Release|Mixed Platforms.Build.0 = Release|x86
		{704E6595-E778-4B7D-907C-E850A3C85563}.Release|x64.ActiveCfg = Release|x64
		{704E6595-E778-4B7D-907C-E850A3C85563}.Release|x64.Build.0 = Release|x64
		{704E6595-E778-4B7D-907C-E850A3C85563}.Release|x86.ActiveCfg = Release|x86
		{704E6595-E778-4B7D-907C-E850A3C85563}.Release|x86.Build.0 = Release|x86
		{1A7CB629-07D8-458C-AA29-DB213664AB8B}.Debug|Any CPU.ActiveCfg = Debug|Any CPU
		{1A7CB629-07D8-458C-AA29-DB213664AB8B}.Debug|Any CPU.Build.0 = Debug|Any CPU
		{1A7CB629-07D8-458C-AA29-DB213664AB8B}.Debug|Mixed Platforms.ActiveCfg = Debug|Any CPU
		{1A7CB629-07D8-458C-AA29-DB213664AB8B}.Debug|Mixed Platforms.Build.0 = Debug|Any CPU
		{1A7CB629-07D8-458C-AA29-DB213664AB8B}.Debug|x64.ActiveCfg = Debug|Any CPU
		{1A7CB629-07D8-458C-AA29-DB213664AB8B}.Debug|x86.ActiveCfg = Debug|Any CPU
		{1A7CB629-07D8-458C-AA29-DB213664AB8B}.Release|Any CPU.ActiveCfg = Release|Any CPU
		{1A7CB629-07D8-458C-AA29-DB213664AB8B}.Release|Any CPU.Build.0 = Release|Any CPU
		{1A7CB629-07D8-458C-AA29-DB213664AB8B}.Release|Mixed Platforms.ActiveCfg = Release|Any CPU
		{1A7CB629-07D8-458C-AA29-DB213664AB8B}.Release|Mixed Platforms.Build.0 = Release|Any CPU
		{1A7CB629-07D8-458C-AA29-DB213664AB8B}.Release|x64.ActiveCfg = Release|Any CPU
		{1A7CB629-07D8-458C-AA29-DB213664AB8B}.Release|x86.ActiveCfg = Release|Any CPU
	EndGlobalSection
	GlobalSection(SolutionProperties) = preSolution
		HideSolutionNode = FALSE
	EndGlobalSection
EndGlobal
